Microsoft Visual Studio Solution File, Format Version 12.00
# Visual Studio Version 18
VisualStudioVersion = 18.3.11520.95
MinimumVisualStudioVersion = 10.0.40219.1
Project("{FAE04EC0-301F-11D3-BF4B-00C04F79EFBC}") = "MaterialManager_V01", "MaterialManager_V01.csproj", "{D476D101-51C8-4B41-2FEF-5E25433AD835}"
EndProject
Project("{54435603-DBB4-11D2-8724-00A0C9A8B90C}") = "MaterialManager_Setup", "Installer_Source\MaterialManager_Setup.vdproj", "{BA52E8CB-8A2A-4FF5-A0C1-6F2C4F1E9B21}"
EndProject
Global
	GlobalSection(SolutionConfigurationPlatforms) = preSolution
		Debug|Any CPU = Debug|Any CPU
		Release|Any CPU = Release|Any CPU
	EndGlobalSection
	GlobalSection(ProjectConfigurationPlatforms) = postSolution
		{D476D101-51C8-4B41-2FEF-5E25433AD835}.Debug|Any CPU.ActiveCfg = Debug|Any CPU
		{D476D101-51C8-4B41-2FEF-5E25433AD835}.Debug|Any CPU.Build.0 = Debug|Any CPU
		{D476D101-51C8-4B41-2FEF-5E25433AD835}.Release|Any CPU.ActiveCfg = Release|Any CPU
		{D476D101-51C8-4B41-2FEF-5E25433AD835}.Release|Any CPU.Build.0 = Release|Any CPU
		{BA52E8CB-8A2A-4FF5-A0C1-6F2C4F1E9B21}.Debug|Any CPU.ActiveCfg = Debug
		{BA52E8CB-8A2A-4FF5-A0C1-6F2C4F1E9B21}.Debug|Any CPU.Build.0 = Debug
		{BA52E8CB-8A2A-4FF5-A0C1-6F2C4F1E9B21}.Release|Any CPU.ActiveCfg = Release
		{BA52E8CB-8A2A-4FF5-A0C1-6F2C4F1E9B21}.Release|Any CPU.Build.0 = Release
	EndGlobalSection
	GlobalSection(SolutionProperties) = preSolution
		HideSolutionNode = FALSE
	EndGlobalSection
	GlobalSection(ExtensibilityGlobals) = postSolution
		SolutionGuid = {43B5E7A6-FA3B-4CC3-A9EB-ECF795419DF6}
	EndGlobalSection
EndGlobal
